
Microsoft Visual Studio Solution File, Format Version 12.00
# Visual Studio Version 16
VisualStudioVersion = 16.0.31727.386
MinimumVisualStudioVersion = 10.0.40219.1
Project("{F184B08F-C81C-45F6-A57F-5ABD9991F28F}") = "program5", "program5\program5.vbproj", "{E559779B-3066-4E93-BD19-3910E1B1114D}"
EndProject
Global
	GlobalSection(SolutionConfigurationPlatforms) = preSolution
		Debug|Any CPU = Debug|Any CPU
		Release|Any CPU = Release|Any CPU
	EndGlobalSection
	GlobalSection(ProjectConfigurationPlatforms) = postSolution
		{E559779B-3066-4E93-BD19-3910E1B1114D}.Debug|Any CPU.ActiveCfg = Debug|Any CPU
		{E559779B-3066-4E93-BD19-3910E1B1114D}.Debug|Any CPU.Build.0 = Debug|Any CPU
		{E559779B-3066-4E93-BD19-3910E1B1114D}.Release|Any CPU.ActiveCfg = Release|Any CPU
		{E559779B-3066-4E93-BD19-3910E1B1114D}.Release|Any CPU.Build.0 = Release|Any CPU
	EndGlobalSection
	GlobalSection(SolutionProperties) = preSolution
		HideSolutionNode = FALSE
	EndGlobalSection
	GlobalSection(ExtensibilityGlobals) = postSolution
		SolutionGuid = {D7727438-C882-4EA3-A181-A6D9F665DA55}
	EndGlobalSection
EndGlobal
