
Microsoft Visual Studio Solution File, Format Version 12.00
# Visual Studio Version 16
VisualStudioVersion = 16.0.31727.386
MinimumVisualStudioVersion = 10.0.40219.1
Project("{F184B08F-C81C-45F6-A57F-5ABD9991F28F}") = "program4", "program4\program4.vbproj", "{F924C2EB-EE74-49FC-B130-B0987ACBB585}"
EndProject
Global
	GlobalSection(SolutionConfigurationPlatforms) = preSolution
		Debug|Any CPU = Debug|Any CPU
		Release|Any CPU = Release|Any CPU
	EndGlobalSection
	GlobalSection(ProjectConfigurationPlatforms) = postSolution
		{F924C2EB-EE74-49FC-B130-B0987ACBB585}.Debug|Any CPU.ActiveCfg = Debug|Any CPU
		{F924C2EB-EE74-49FC-B130-B0987ACBB585}.Debug|Any CPU.Build.0 = Debug|Any CPU
		{F924C2EB-EE74-49FC-B130-B0987ACBB585}.Release|Any CPU.ActiveCfg = Release|Any CPU
		{F924C2EB-EE74-49FC-B130-B0987ACBB585}.Release|Any CPU.Build.0 = Release|Any CPU
	EndGlobalSection
	GlobalSection(SolutionProperties) = preSolution
		HideSolutionNode = FALSE
	EndGlobalSection
	GlobalSection(ExtensibilityGlobals) = postSolution
		SolutionGuid = {957E276E-EC0B-42C5-99B7-7ECFF4F0293D}
	EndGlobalSection
EndGlobal
